# This file is automatically @generated by Cargo.
# It is not intended for manual editing.
version = 3

[[package]]
name = "advapi32-sys"
version = "0.1.2"
source = "registry+https://github.com/rust-lang/crates.io-index"
checksum = "307c92332867e586720c0222ee9d890bbe8431711efed8a1b06bc5b40fc66bd7"
dependencies = [
 "winapi",
 "winapi-build",
]

[[package]]
name = "ansi_term"
version = "0.6.3"
source = "registry+https://github.com/rust-lang/crates.io-index"
checksum = "ae206c860259479b73b3abc98b66da811843056ed570ed79eb95d3d9b2524325"

[[package]]
name = "bincode"
version = "0.4.0"
source = "registry+https://github.com/rust-lang/crates.io-index"
checksum = "1cf2680c3c582485ba24c43f568fc2fe7ca33bf1bc63522bc9c17e0f2ac70576"
dependencies = [
 "byteorder",
 "num",
 "rustc-serialize",
 "serde",
]

[[package]]
name = "byteorder"
version = "0.3.11"
source = "registry+https://github.com/rust-lang/crates.io-index"
checksum = "59061d57df2d76a3365e1343897635bd64272137624f1062eb808b13b62d2bd5"

[[package]]
name = "clap"
version = "1.1.6"
source = "registry+https://github.com/rust-lang/crates.io-index"
checksum = "084f45216bdc818ca4079a17e556b496029fb1cbbfc07ad01f491d9c96f8a84f"
dependencies = [
 "ansi_term",
 "strsim",
]

[[package]]
name = "fern"
version = "0.3.5"
source = "registry+https://github.com/rust-lang/crates.io-index"
checksum = "4d2f58d053ad7791bfaad58a3f3541fe2d2aecc564dd82aee7f92fa402c054b2"
dependencies = [
 "log",
]

[[package]]
name = "itertools"
version = "0.3.24"
source = "registry+https://github.com/rust-lang/crates.io-index"
checksum = "5d3b3c71fb0ba937907baa6328511b91f214b378bd54623c02db50996ab32393"

[[package]]
name = "libc"
version = "0.1.8"
source = "registry+https://github.com/rust-lang/crates.io-index"
checksum = "a64b9ad3eea69f6f43b87c07c0534505a68c8834ad4c6bad4089de15e45cec83"

[[package]]
name = "log"
version = "0.3.1"
source = "registry+https://github.com/rust-lang/crates.io-index"
checksum = "d2ee3324e161fe61168b08bcd096f1e023d14f0777a076ba14d1825ea3b99d40"
dependencies = [
 "libc",
]

[[package]]
name = "lstrings"
version = "0.0.1"
dependencies = [
 "ansi_term",
 "bincode",
 "clap",
 "fern",
 "itertools",
 "libc",
 "log",
 "mmap",
 "rustc-serialize",
 "time",
]

[[package]]
name = "mmap"
version = "0.1.1"
source = "git+https://github.com/retep998/rust-mmap?rev=4617dd0901d6899faebfbc427714b89fcb889880#4617dd0901d6899faebfbc427714b89fcb889880"
dependencies = [
 "libc",
]

[[package]]
name = "num"
version = "0.1.26"
source = "registry+https://github.com/rust-lang/crates.io-index"
checksum = "c26605622fbf3e3f5fffb8eb5d659fbe8785e39ea89192f6734dbaeb56cc337f"
dependencies = [
 "rand",
 "rustc-serialize",
]

[[package]]
name = "rand"
version = "0.3.9"
source = "registry+https://github.com/rust-lang/crates.io-index"
checksum = "275425710294d2715a1896b965fb02648745dbfac7ed3b39d5d30d6522d3d7ec"
dependencies = [
 "advapi32-sys",
 "libc",
 "winapi",
]

[[package]]
name = "rustc-serialize"
version = "0.3.15"
source = "registry+https://github.com/rust-lang/crates.io-index"
checksum = "baa1d9cc07eb702f9229bc9353443000debfe346d2c53b54c9ee9307234525f2"

[[package]]
name = "serde"
version = "0.5.1"
source = "registry+https://github.com/rust-lang/crates.io-index"
checksum = "8d567c6f275c8fd5336a1f1607925e76c525e61b09f4077ed6456d5cf7f62ce9"
dependencies = [
 "num",
]

[[package]]
name = "strsim"
version = "0.4.0"
source = "registry+https://github.com/rust-lang/crates.io-index"
checksum = "b1d6a2200349ab2221a712c79e797cbb814086eea4ad5d12cc5cafab5f2089d9"

[[package]]
name = "time"
version = "0.2.0"
source = "registry+https://github.com/rust-lang/crates.io-index"
checksum = "fcc26de0a81a07c8352b548977862908fa9863e0e6e4f0eb36b2a9f4f8845585"

[[package]]
name = "winapi"
version = "0.2.1"
source = "registry+https://github.com/rust-lang/crates.io-index"
checksum = "162d9cdc599393629f82bcafd057f0f61b0c8b12f841c6b6f7f929165598ab64"

[[package]]
name = "winapi-build"
version = "0.1.1"
source = "registry+https://github.com/rust-lang/crates.io-index"
checksum = "2d315eee3b34aca4797b2da6b13ed88266e6d612562a0c46390af8299fc699bc"
